// !$*UTF8*$!
{
	archiveVersion = 1;
	classes = {
	};
	objectVersion = 50;
	objects = {

/* Begin PBXBuildFile section */
		76E3AF65800F0E1A7B019E69 /* Pods_TableView_part_2.framework in Frameworks */ = {isa = PBXBuildFile; fileRef = 2A5E6A51AAD4FF1A686033AC /* Pods_TableView_part_2.framework */; };
		A64608DE25C3F3B700D1EE12 /* AppDelegate.swift in Sources */ = {isa = PBXBuildFile; fileRef = A64608DD25C3F3B700D1EE12 /* AppDelegate.swift */; };
		A64608E025C3F3B700D1EE12 /* SceneDelegate.swift in Sources */ = {isa = PBXBuildFile; fileRef = A64608DF25C3F3B700D1EE12 /* SceneDelegate.swift */; };
		A64608E225C3F3B700D1EE12 /* ViewController.swift in Sources */ = {isa = PBXBuildFile; fileRef = A64608E125C3F3B700D1EE12 /* ViewController.swift */; };
		A64608E525C3F3B700D1EE12 /* Main.storyboard in Resources */ = {isa = PBXBuildFile; fileRef = A64608E325C3F3B700D1EE12 /* Main.storyboard */; };
		A64608E725C3F3B700D1EE12 /* Assets.xcassets in Resources */ = {isa = PBXBuildFile; fileRef = A64608E625C3F3B700D1EE12 /* Assets.xcassets */; };
		A64608EA25C3F3B700D1EE12 /* LaunchScreen.storyboard in Resources */ = {isa = PBXBuildFile; fileRef = A64608E825C3F3B700D1EE12 /* LaunchScreen.storyboard */; };
		A64608F625C3F3D400D1EE12 /* Group.swift in Sources */ = {isa = PBXBuildFile; fileRef = A64608F525C3F3D400D1EE12 /* Group.swift */; };
		A64608F925C3F3DE00D1EE12 /* Student.swift in Sources */ = {isa = PBXBuildFile; fileRef = A64608F825C3F3DE00D1EE12 /* Student.swift */; };
/* End PBXBuildFile section */

/* Begin PBXFileReference section */
		2A5E6A51AAD4FF1A686033AC /* Pods_TableView_part_2.framework */ = {isa = PBXFileReference; explicitFileType = wrapper.framework; includeInIndex = 0; path = Pods_TableView_part_2.framework; sourceTree = BUILT_PRODUCTS_DIR; };
		6B0D59AF016777F494833F40 /* Pods-TableView_part_2.release.xcconfig */ = {isa = PBXFileReference; includeInIndex = 1; lastKnownFileType = text.xcconfig; name = "Pods-TableView_part_2.release.xcconfig"; path = "Target Support Files/Pods-TableView_part_2/Pods-TableView_part_2.release.xcconfig"; sourceTree = "<group>"; };
		739E5AF081BBB03D42FD815A /* Pods-TableView_part_2.debug.xcconfig */ = {isa = PBXFileReference; includeInIndex = 1; lastKnownFileType = text.xcconfig; name = "Pods-TableView_part_2.debug.xcconfig"; path = "Target Support Files/Pods-TableView_part_2/Pods-TableView_part_2.debug.xcconfig"; sourceTree = "<group>"; };
		A64608DA25C3F3B700D1EE12 /* TableView_part_2.app */ = {isa = PBXFileReference; explicitFileType = wrapper.application; includeInIndex = 0; path = TableView_part_2.app; sourceTree = BUILT_PRODUCTS_DIR; };
		A64608DD25C3F3B700D1EE12 /* AppDelegate.swift */ = {isa = PBXFileReference; lastKnownFileType = sourcecode.swift; path = AppDelegate.swift; sourceTree = "<group>"; };
		A64608DF25C3F3B700D1EE12 /* SceneDelegate.swift */ = {isa = PBXFileReference; lastKnownFileType = sourcecode.swift; path = SceneDelegate.swift; sourceTree = "<group>"; };
		A64608E125C3F3B700D1EE12 /* ViewController.swift */ = {isa = PBXFileReference; lastKnownFileType = sourcecode.swift; path = ViewController.swift; sourceTree = "<group>"; };
		A64608E425C3F3B700D1EE12 /* Base */ = {isa = PBXFileReference; lastKnownFileType = file.storyboard; name = Base; path = Base.lproj/Main.storyboard; sourceTree = "<group>"; };
		A64608E625C3F3B700D1EE12 /* Assets.xcassets */ = {isa = PBXFileReference; lastKnownFileType = folder.assetcatalog; path = Assets.xcassets; sourceTree = "<group>"; };
		A64608E925C3F3B700D1EE12 /* Base */ = {isa = PBXFileReference; lastKnownFileType = file.storyboard; name = Base; path = Base.lproj/LaunchScreen.storyboard; sourceTree = "<group>"; };
		A64608EB25C3F3B700D1EE12 /* Info.plist */ = {isa = PBXFileReference; lastKnownFileType = text.plist.xml; path = Info.plist; sourceTree = "<group>"; };
		A64608F525C3F3D400D1EE12 /* Group.swift */ = {isa = PBXFileReference; lastKnownFileType = sourcecode.swift; path = Group.swift; sourceTree = "<group>"; };
		A64608F825C3F3DE00D1EE12 /* Student.swift */ = {isa = PBXFileReference; lastKnownFileType = sourcecode.swift; path = Student.swift; sourceTree = "<group>"; };
/* End PBXFileReference section */

/* Begin PBXFrameworksBuildPhase section */
		A64608D725C3F3B700D1EE12 /* Frameworks */ = {
			isa = PBXFrameworksBuildPhase;
			buildActionMask = 2147483647;
			files = (
				76E3AF65800F0E1A7B019E69 /* Pods_TableView_part_2.framework in Frameworks */,
			);
			runOnlyForDeploymentPostprocessing = 0;
		};
/* End PBXFrameworksBuildPhase section */

/* Begin PBXGroup section */
		A4B62B36E4670478B5BFF235 /* Frameworks */ = {
			isa = PBXGroup;
			children = (
				2A5E6A51AAD4FF1A686033AC /* Pods_TableView_part_2.framework */,
			);
			name = Frameworks;
			sourceTree = "<group>";
		};
		A64608D125C3F3B700D1EE12 = {
			isa = PBXGroup;
			children = (
				A64608DC25C3F3B700D1EE12 /* TableView_part_2 */,
				A64608DB25C3F3B700D1EE12 /* Products */,
				E55CC928896A079C4663D5F6 /* Pods */,
				A4B62B36E4670478B5BFF235 /* Frameworks */,
			);
			sourceTree = "<group>";
		};
		A64608DB25C3F3B700D1EE12 /* Products */ = {
			isa = PBXGroup;
			children = (
				A64608DA25C3F3B700D1EE12 /* TableView_part_2.app */,
			);
			name = Products;
			sourceTree = "<group>";
		};
		A64608DC25C3F3B700D1EE12 /* TableView_part_2 */ = {
			isa = PBXGroup;
			children = (
				A64608DD25C3F3B700D1EE12 /* AppDelegate.swift */,
				A64608DF25C3F3B700D1EE12 /* SceneDelegate.swift */,
				A64608E125C3F3B700D1EE12 /* ViewController.swift */,
				A64608F525C3F3D400D1EE12 /* Group.swift */,
				A64608F825C3F3DE00D1EE12 /* Student.swift */,
				A64608E325C3F3B700D1EE12 /* Main.storyboard */,
				A64608E625C3F3B700D1EE12 /* Assets.xcassets */,
				A64608E825C3F3B700D1EE12 /* LaunchScreen.storyboard */,
				A64608EB25C3F3B700D1EE12 /* Info.plist */,
			);
			path = TableView_part_2;
			sourceTree = "<group>";
		};
		E55CC928896A079C4663D5F6 /* Pods */ = {
			isa = PBXGroup;
			children = (
				739E5AF081BBB03D42FD815A /* Pods-TableView_part_2.debug.xcconfig */,
				6B0D59AF016777F494833F40 /* Pods-TableView_part_2.release.xcconfig */,
			);
			name = Pods;
			path = Pods;
			sourceTree = "<group>";
		};
/* End PBXGroup section */

/* Begin PBXNativeTarget section */
		A64608D925C3F3B700D1EE12 /* TableView_part_2 */ = {
			isa = PBXNativeTarget;
			buildConfigurationList = A64608EE25C3F3B700D1EE12 /* Build configuration list for PBXNativeTarget "TableView_part_2" */;
			buildPhases = (
				C8E8C8B6C5DE7B190460F927 /* [CP] Check Pods Manifest.lock */,
				A64608D625C3F3B700D1EE12 /* Sources */,
				A64608D725C3F3B700D1EE12 /* Frameworks */,
				A64608D825C3F3B700D1EE12 /* Resources */,
				A64608FB25C4019000D1EE12 /* ShellScript */,
			);
			buildRules = (
			);
			dependencies = (
			);
			name = TableView_part_2;
			productName = TableView_part_2;
			productReference = A64608DA25C3F3B700D1EE12 /* TableView_part_2.app */;
			productType = "com.apple.product-type.application";
		};
/* End PBXNativeTarget section */

/* Begin PBXProject section */
		A64608D225C3F3B700D1EE12 /* Project object */ = {
			isa = PBXProject;
			attributes = {
				LastSwiftUpdateCheck = 1220;
				LastUpgradeCheck = 1220;
				TargetAttributes = {
					A64608D925C3F3B700D1EE12 = {
						CreatedOnToolsVersion = 12.2;
					};
				};
			};
			buildConfigurationList = A64608D525C3F3B700D1EE12 /* Build configuration list for PBXProject "TableView_part_2" */;
			compatibilityVersion = "Xcode 9.3";
			developmentRegion = en;
			hasScannedForEncodings = 0;
			knownRegions = (
				en,
				Base,
			);
			mainGroup = A64608D125C3F3B700D1EE12;
			productRefGroup = A64608DB25C3F3B700D1EE12 /* Products */;
			projectDirPath = "";
			projectRoot = "";
			targets = (
				A64608D925C3F3B700D1EE12 /* TableView_part_2 */,
			);
		};
/* End PBXProject section */

/* Begin PBXResourcesBuildPhase section */
		A64608D825C3F3B700D1EE12 /* Resources */ = {
			isa = PBXResourcesBuildPhase;
			buildActionMask = 2147483647;
			files = (
				A64608EA25C3F3B700D1EE12 /* LaunchScreen.storyboard in Resources */,
				A64608E725C3F3B700D1EE12 /* Assets.xcassets in Resources */,
				A64608E525C3F3B700D1EE12 /* Main.storyboard in Resources */,
			);
			runOnlyForDeploymentPostprocessing = 0;
		};
/* End PBXResourcesBuildPhase section */

/* Begin PBXShellScriptBuildPhase section */
		A64608FB25C4019000D1EE12 /* ShellScript */ = {
			isa = PBXShellScriptBuildPhase;
			buildActionMask = 2147483647;
			files = (
			);
			inputFileListPaths = (
			);
			inputPaths = (
			);
			outputFileListPaths = (
			);
			outputPaths = (
			);
			runOnlyForDeploymentPostprocessing = 0;
			shellPath = /bin/sh;
			shellScript = "# Type a script or drag a script file from your workspace to insert its path.\nif which \"${PODS_ROOT}/SwiftLint/swiftlint\" >/dev/null; then\n    \"${PODS_ROOT}/SwiftLint/swiftlint\" --quiet --config \"swiftlint.yml\"\nelse\n  echo \"error: SwiftLint does not exist, upadate CocoaPods (use 'pod install')\"\n  exit 1\nfi\n";
		};
		C8E8C8B6C5DE7B190460F927 /* [CP] Check Pods Manifest.lock */ = {
			isa = PBXShellScriptBuildPhase;
			buildActionMask = 2147483647;
			files = (
			);
			inputFileListPaths = (
			);
			inputPaths = (
				"${PODS_PODFILE_DIR_PATH}/Podfile.lock",
				"${PODS_ROOT}/Manifest.lock",
			);
			name = "[CP] Check Pods Manifest.lock";
			outputFileListPaths = (
			);
			outputPaths = (
				"$(DERIVED_FILE_DIR)/Pods-TableView_part_2-checkManifestLockResult.txt",
			);
			runOnlyForDeploymentPostprocessing = 0;
			shellPath = /bin/sh;
			shellScript = "diff \"${PODS_PODFILE_DIR_PATH}/Podfile.lock\" \"${PODS_ROOT}/Manifest.lock\" > /dev/null\nif [ $? != 0 ] ; then\n    # print error to STDERR\n    echo \"error: The sandbox is not in sync with the Podfile.lock. Run 'pod install' or update your CocoaPods installation.\" >&2\n    exit 1\nfi\n# This output is used by Xcode 'outputs' to avoid re-running this script phase.\necho \"SUCCESS\" > \"${SCRIPT_OUTPUT_FILE_0}\"\n";
			showEnvVarsInLog = 0;
		};
/* End PBXShellScriptBuildPhase section */

/* Begin PBXSourcesBuildPhase section */
		A64608D625C3F3B700D1EE12 /* Sources */ = {
			isa = PBXSourcesBuildPhase;
			buildActionMask = 2147483647;
			files = (
				A64608E225C3F3B700D1EE12 /* ViewController.swift in Sources */,
				A64608DE25C3F3B700D1EE12 /* AppDelegate.swift in Sources */,
				A64608E025C3F3B700D1EE12 /* SceneDelegate.swift in Sources */,
				A64608F925C3F3DE00D1EE12 /* Student.swift in Sources */,
				A64608F625C3F3D400D1EE12 /* Group.swift in Sources */,
			);
			runOnlyForDeploymentPostprocessing = 0;
		};
/* End PBXSourcesBuildPhase section */

/* Begin PBXVariantGroup section */
		A64608E325C3F3B700D1EE12 /* Main.storyboard */ = {
			isa = PBXVariantGroup;
			children = (
				A64608E425C3F3B700D1EE12 /* Base */,
			);
			name = Main.storyboard;
			sourceTree = "<group>";
		};
		A64608E825C3F3B700D1EE12 /* LaunchScreen.storyboard */ = {
			isa = PBXVariantGroup;
			children = (
				A64608E925C3F3B700D1EE12 /* Base */,
			);
			name = LaunchScreen.storyboard;
			sourceTree = "<group>";
		};
/* End PBXVariantGroup section */

/* Begin XCBuildConfiguration section */
		A64608EC25C3F3B700D1EE12 /* Debug */ = {
			isa = XCBuildConfiguration;
			buildSettings = {
				ALWAYS_SEARCH_USER_PATHS = NO;
				CLANG_ANALYZER_NONNULL = YES;
				CLANG_ANALYZER_NUMBER_OBJECT_CONVERSION = YES_AGGRESSIVE;
				CLANG_CXX_LANGUAGE_STANDARD = "gnu++14";
				CLANG_CXX_LIBRARY = "libc++";
				CLANG_ENABLE_MODULES = YES;
				CLANG_ENABLE_OBJC_ARC = YES;
				CLANG_ENABLE_OBJC_WEAK = YES;
				CLANG_WARN_BLOCK_CAPTURE_AUTORELEASING = YES;
				CLANG_WARN_BOOL_CONVERSION = YES;
				CLANG_WARN_COMMA = YES;
				CLANG_WARN_CONSTANT_CONVERSION = YES;
				CLANG_WARN_DEPRECATED_OBJC_IMPLEMENTATIONS = YES;
				CLANG_WARN_DIRECT_OBJC_ISA_USAGE = YES_ERROR;
				CLANG_WARN_DOCUMENTATION_COMMENTS = YES;
				CLANG_WARN_EMPTY_BODY = YES;
				CLANG_WARN_ENUM_CONVERSION = YES;
				CLANG_WARN_INFINITE_RECURSION = YES;
				CLANG_WARN_INT_CONVERSION = YES;
				CLANG_WARN_NON_LITERAL_NULL_CONVERSION = YES;
				CLANG_WARN_OBJC_IMPLICIT_RETAIN_SELF = YES;
				CLANG_WARN_OBJC_LITERAL_CONVERSION = YES;
				CLANG_WARN_OBJC_ROOT_CLASS = YES_ERROR;
				CLANG_WARN_QUOTED_INCLUDE_IN_FRAMEWORK_HEADER = YES;
				CLANG_WARN_RANGE_LOOP_ANALYSIS = YES;
				CLANG_WARN_STRICT_PROTOTYPES = YES;
				CLANG_WARN_SUSPICIOUS_MOVE = YES;
				CLANG_WARN_UNGUARDED_AVAILABILITY = YES_AGGRESSIVE;
				CLANG_WARN_UNREACHABLE_CODE = YES;
				CLANG_WARN__DUPLICATE_METHOD_MATCH = YES;
				COPY_PHASE_STRIP = NO;
				DEBUG_INFORMATION_FORMAT = dwarf;
				ENABLE_STRICT_OBJC_MSGSEND = YES;
				ENABLE_TESTABILITY = YES;
				GCC_C_LANGUAGE_STANDARD = gnu11;
				GCC_DYNAMIC_NO_PIC = NO;
				GCC_NO_COMMON_BLOCKS = YES;
				GCC_OPTIMIZATION_LEVEL = 0;
				GCC_PREPROCESSOR_DEFINITIONS = (
					"DEBUG=1",
					"$(inherited)",
				);
				GCC_WARN_64_TO_32_BIT_CONVERSION = YES;
				GCC_WARN_ABOUT_RETURN_TYPE = YES_ERROR;
				GCC_WARN_UNDECLARED_SELECTOR = YES;
				GCC_WARN_UNINITIALIZED_AUTOS = YES_AGGRESSIVE;
				GCC_WARN_UNUSED_FUNCTION = YES;
				GCC_WARN_UNUSED_VARIABLE = YES;
				IPHONEOS_DEPLOYMENT_TARGET = 14.2;
				MTL_ENABLE_DEBUG_INFO = INCLUDE_SOURCE;
				MTL_FAST_MATH = YES;
				ONLY_ACTIVE_ARCH = YES;
				SDKROOT = iphoneos;
				SWIFT_ACTIVE_COMPILATION_CONDITIONS = DEBUG;
				SWIFT_OPTIMIZATION_LEVEL = "-Onone";
			};
			name = Debug;
		};
		A64608ED25C3F3B700D1EE12 /* Release */ = {
			isa = XCBuildConfiguration;
			buildSettings = {
				ALWAYS_SEARCH_USER_PATHS = NO;
				CLANG_ANALYZER_NONNULL = YES;
				CLANG_ANALYZER_NUMBER_OBJECT_CONVERSION = YES_AGGRESSIVE;
				CLANG_CXX_LANGUAGE_STANDARD = "gnu++14";
				CLANG_CXX_LIBRARY = "libc++";
				CLANG_ENABLE_MODULES = YES;
				CLANG_ENABLE_OBJC_ARC = YES;
				CLANG_ENABLE_OBJC_WEAK = YES;
				CLANG_WARN_BLOCK_CAPTURE_AUTORELEASING = YES;
				CLANG_WARN_BOOL_CONVERSION = YES;
				CLANG_WARN_COMMA = YES;
				CLANG_WARN_CONSTANT_CONVERSION = YES;
				CLANG_WARN_DEPRECATED_OBJC_IMPLEMENTATIONS = YES;
				CLANG_WARN_DIRECT_OBJC_ISA_USAGE = YES_ERROR;
				CLANG_WARN_DOCUMENTATION_COMMENTS = YES;
				CLANG_WARN_EMPTY_BODY = YES;
				CLANG_WARN_ENUM_CONVERSION = YES;
				CLANG_WARN_INFINITE_RECURSION = YES;
				CLANG_WARN_INT_CONVERSION = YES;
				CLANG_WARN_NON_LITERAL_NULL_CONVERSION = YES;
				CLANG_WARN_OBJC_IMPLICIT_RETAIN_SELF = YES;
				CLANG_WARN_OBJC_LITERAL_CONVERSION = YES;
				CLANG_WARN_OBJC_ROOT_CLASS = YES_ERROR;
				CLANG_WARN_QUOTED_INCLUDE_IN_FRAMEWORK_HEADER = YES;
				CLANG_WARN_RANGE_LOOP_ANALYSIS = YES;
				CLANG_WARN_STRICT_PROTOTYPES = YES;
				CLANG_WARN_SUSPICIOUS_MOVE = YES;
				CLANG_WARN_UNGUARDED_AVAILABILITY = YES_AGGRESSIVE;
				CLANG_WARN_UNREACHABLE_CODE = YES;
				CLANG_WARN__DUPLICATE_METHOD_MATCH = YES;
				COPY_PHASE_STRIP = NO;
				DEBUG_INFORMATION_FORMAT = "dwarf-with-dsym";
				ENABLE_NS_ASSERTIONS = NO;
				ENABLE_STRICT_OBJC_MSGSEND = YES;
				GCC_C_LANGUAGE_STANDARD = gnu11;
				GCC_NO_COMMON_BLOCKS = YES;
				GCC_WARN_64_TO_32_BIT_CONVERSION = YES;
				GCC_WARN_ABOUT_RETURN_TYPE = YES_ERROR;
				GCC_WARN_UNDECLARED_SELECTOR = YES;
				GCC_WARN_UNINITIALIZED_AUTOS = YES_AGGRESSIVE;
				GCC_WARN_UNUSED_FUNCTION = YES;
				GCC_WARN_UNUSED_VARIABLE = YES;
				IPHONEOS_DEPLOYMENT_TARGET = 14.2;
				MTL_ENABLE_DEBUG_INFO = NO;
				MTL_FAST_MATH = YES;
				SDKROOT = iphoneos;
				SWIFT_COMPILATION_MODE = wholemodule;
				SWIFT_OPTIMIZATION_LEVEL = "-O";
				VALIDATE_PRODUCT = YES;
			};
			name = Release;
		};
		A64608EF25C3F3B700D1EE12 /* Debug */ = {
			isa = XCBuildConfiguration;
			baseConfigurationReference = 739E5AF081BBB03D42FD815A /* Pods-TableView_part_2.debug.xcconfig */;
			buildSettings = {
				ASSETCATALOG_COMPILER_APPICON_NAME = AppIcon;
				ASSETCATALOG_COMPILER_GLOBAL_ACCENT_COLOR_NAME = AccentColor;
				CODE_SIGN_STYLE = Automatic;
				DEVELOPMENT_TEAM = 4BRHUVT595;
				INFOPLIST_FILE = TableView_part_2/Info.plist;
				LD_RUNPATH_SEARCH_PATHS = (
					"$(inherited)",
					"@executable_path/Frameworks",
				);
				PRODUCT_BUNDLE_IDENTIFIER = "Harbros.TableView-part-2";
				PRODUCT_NAME = "$(TARGET_NAME)";
				SWIFT_VERSION = 5.0;
				TARGETED_DEVICE_FAMILY = "1,2";
			};
			name = Debug;
		};
		A64608F025C3F3B700D1EE12 /* Release */ = {
			isa = XCBuildConfiguration;
			baseConfigurationReference = 6B0D59AF016777F494833F40 /* Pods-TableView_part_2.release.xcconfig */;
			buildSettings = {
				ASSETCATALOG_COMPILER_APPICON_NAME = AppIcon;
				ASSETCATALOG_COMPILER_GLOBAL_ACCENT_COLOR_NAME = AccentColor;
				CODE_SIGN_STYLE = Automatic;
				DEVELOPMENT_TEAM = 4BRHUVT595;
				INFOPLIST_FILE = TableView_part_2/Info.plist;
				LD_RUNPATH_SEARCH_PATHS = (
					"$(inherited)",
					"@executable_path/Frameworks",
				);
				PRODUCT_BUNDLE_IDENTIFIER = "Harbros.TableView-part-2";
				PRODUCT_NAME = "$(TARGET_NAME)";
				SWIFT_VERSION = 5.0;
				TARGETED_DEVICE_FAMILY = "1,2";
			};
			name = Release;
		};
/* End XCBuildConfiguration section */

/* Begin XCConfigurationList section */
		A64608D525C3F3B700D1EE12 /* Build configuration list for PBXProject "TableView_part_2" */ = {
			isa = XCConfigurationList;
			buildConfigurations = (
				A64608EC25C3F3B700D1EE12 /* Debug */,
				A64608ED25C3F3B700D1EE12 /* Release */,
			);
			defaultConfigurationIsVisible = 0;
			defaultConfigurationName = Release;
		};
		A64608EE25C3F3B700D1EE12 /* Build configuration list for PBXNativeTarget "TableView_part_2" */ = {
			isa = XCConfigurationList;
			buildConfigurations = (
				A64608EF25C3F3B700D1EE12 /* Debug */,
				A64608F025C3F3B700D1EE12 /* Release */,
			);
			defaultConfigurationIsVisible = 0;
			defaultConfigurationName = Release;
		};
/* End XCConfigurationList section */
	};
	rootObject = A64608D225C3F3B700D1EE12 /* Project object */;
}
